
Microsoft Visual Studio Solution File, Format Version 12.00
# Visual Studio 15
Project("{FAE04EC0-301F-11D3-BF4B-00C04F79EFBC}") = "Nep5Proxy", "Nep5Proxy.csproj", "{F2CD388A-D032-4449-81A0-5D87A193530E}"
EndProject
Global
	GlobalSection(SolutionConfigurationPlatforms) = preSolution
		Debug|Any CPU = Debug|Any CPU
		Release|Any CPU = Release|Any CPU
	EndGlobalSection
	GlobalSection(ProjectConfigurationPlatforms) = postSolution
		{F2CD388A-D032-4449-81A0-5D87A193530E}.Debug|Any CPU.ActiveCfg = Debug|Any CPU
		{F2CD388A-D032-4449-81A0-5D87A193530E}.Debug|Any CPU.Build.0 = Debug|Any CPU
		{F2CD388A-D032-4449-81A0-5D87A193530E}.Release|Any CPU.ActiveCfg = Release|Any CPU
		{F2CD388A-D032-4449-81A0-5D87A193530E}.Release|Any CPU.Build.0 = Release|Any CPU
	EndGlobalSection
EndGlobal
